// !$*UTF8*$!
{
	archiveVersion = 1;
	classes = {
	};
	objectVersion = 46;
	objects = {

/* Begin PBXBuildFile section */
		178C4DA61CA4345200D5A4B3 /* main.cpp in Sources */ = {isa = PBXBuildFile; fileRef = 178C4DA51CA4345200D5A4B3 /* main.cpp */; };
/* End PBXBuildFile section */

/* Begin PBXCopyFilesBuildPhase section */
		178C4DA01CA4345200D5A4B3 /* CopyFiles */ = {
			isa = PBXCopyFilesBuildPhase;
			buildActionMask = 2147483647;
			dstPath = /usr/share/man/man1/;
			dstSubfolderSpec = 0;
			files = (
			);
			runOnlyForDeploymentPostprocessing = 1;
		};
/* End PBXCopyFilesBuildPhase section */

/* Begin PBXFileReference section */
		178C4DA21CA4345200D5A4B3 /* HPC q4 */ = {isa = PBXFileReference; explicitFileType = "compiled.mach-o.executable"; includeInIndex = 0; path = "HPC q4"; sourceTree = BUILT_PRODUCTS_DIR; };
		178C4DA51CA4345200D5A4B3 /* main.cpp */ = {isa = PBXFileReference; lastKnownFileType = sourcecode.cpp.cpp; path = main.cpp; sourceTree = "<group>"; };
		178C4DAC1CA4346A00D5A4B3 /* TriMatrix.h */ = {isa = PBXFileReference; lastKnownFileType = sourcecode.c.h; path = TriMatrix.h; sourceTree = "<group>"; };
/* End PBXFileReference section */

/* Begin PBXFrameworksBuildPhase section */
		178C4D9F1CA4345200D5A4B3 /* Frameworks */ = {
			isa = PBXFrameworksBuildPhase;
			buildActionMask = 2147483647;
			files = (
			);
			runOnlyForDeploymentPostprocessing = 0;
		};
/* End PBXFrameworksBuildPhase section */

/* Begin PBXGroup section */
		178C4D991CA4345200D5A4B3 = {
			isa = PBXGroup;
			children = (
				178C4DA41CA4345200D5A4B3 /* HPC q4 */,
				178C4DA31CA4345200D5A4B3 /* Products */,
			);
			sourceTree = "<group>";
		};
		178C4DA31CA4345200D5A4B3 /* Products */ = {
			isa = PBXGroup;
			children = (
				178C4DA21CA4345200D5A4B3 /* HPC q4 */,
			);
			name = Products;
			sourceTree = "<group>";
		};
		178C4DA41CA4345200D5A4B3 /* HPC q4 */ = {
			isa = PBXGroup;
			children = (
				178C4DA51CA4345200D5A4B3 /* main.cpp */,
				178C4DAC1CA4346A00D5A4B3 /* TriMatrix.h */,
			);
			path = "HPC q4";
			sourceTree = "<group>";
		};
/* End PBXGroup section */

/* Begin PBXNativeTarget section */
		178C4DA11CA4345200D5A4B3 /* HPC q4 */ = {
			isa = PBXNativeTarget;
			buildConfigurationList = 178C4DA91CA4345200D5A4B3 /* Build configuration list for PBXNativeTarget "HPC q4" */;
			buildPhases = (
				178C4D9E1CA4345200D5A4B3 /* Sources */,
				178C4D9F1CA4345200D5A4B3 /* Frameworks */,
				178C4DA01CA4345200D5A4B3 /* CopyFiles */,
			);
			buildRules = (
			);
			dependencies = (
			);
			name = "HPC q4";
			productName = "HPC q4";
			productReference = 178C4DA21CA4345200D5A4B3 /* HPC q4 */;
			productType = "com.apple.product-type.tool";
		};
/* End PBXNativeTarget section */

/* Begin PBXProject section */
		178C4D9A1CA4345200D5A4B3 /* Project object */ = {
			isa = PBXProject;
			attributes = {
				LastUpgradeCheck = 0720;
				ORGANIZATIONNAME = "Kan Tsz Hang";
				TargetAttributes = {
					178C4DA11CA4345200D5A4B3 = {
						CreatedOnToolsVersion = 7.2.1;
					};
				};
			};
			buildConfigurationList = 178C4D9D1CA4345200D5A4B3 /* Build configuration list for PBXProject "HPC q4" */;
			compatibilityVersion = "Xcode 3.2";
			developmentRegion = English;
			hasScannedForEncodings = 0;
			knownRegions = (
				en,
			);
			mainGroup = 178C4D991CA4345200D5A4B3;
			productRefGroup = 178C4DA31CA4345200D5A4B3 /* Products */;
			projectDirPath = "";
			projectRoot = "";
			targets = (
				178C4DA11CA4345200D5A4B3 /* HPC q4 */,
			);
		};
/* End PBXProject section */

/* Begin PBXSourcesBuildPhase section */
		178C4D9E1CA4345200D5A4B3 /* Sources */ = {
			isa = PBXSourcesBuildPhase;
			buildActionMask = 2147483647;
			files = (
				178C4DA61CA4345200D5A4B3 /* main.cpp in Sources */,
			);
			runOnlyForDeploymentPostprocessing = 0;
		};
/* End PBXSourcesBuildPhase section */

/* Begin XCBuildConfiguration section */
		178C4DA71CA4345200D5A4B3 /* Debug */ = {
			isa = XCBuildConfiguration;
			buildSettings = {
				ALWAYS_SEARCH_USER_PATHS = NO;
				CLANG_CXX_LANGUAGE_STANDARD = "gnu++0x";
				CLANG_CXX_LIBRARY = "libc++";
				CLANG_ENABLE_MODULES = YES;
				CLANG_ENABLE_OBJC_ARC = YES;
				CLANG_WARN_BOOL_CONVERSION = YES;
				CLANG_WARN_CONSTANT_CONVERSION = YES;
				CLANG_WARN_DIRECT_OBJC_ISA_USAGE = YES_ERROR;
				CLANG_WARN_EMPTY_BODY = YES;
				CLANG_WARN_ENUM_CONVERSION = YES;
				CLANG_WARN_INT_CONVERSION = YES;
				CLANG_WARN_OBJC_ROOT_CLASS = YES_ERROR;
				CLANG_WARN_UNREACHABLE_CODE = YES;
				CLANG_WARN__DUPLICATE_METHOD_MATCH = YES;
				CODE_SIGN_IDENTITY = "-";
				COPY_PHASE_STRIP = NO;
				DEBUG_INFORMATION_FORMAT = dwarf;
				ENABLE_STRICT_OBJC_MSGSEND = YES;
				ENABLE_TESTABILITY = YES;
				GCC_C_LANGUAGE_STANDARD = gnu99;
				GCC_DYNAMIC_NO_PIC = NO;
				GCC_NO_COMMON_BLOCKS = YES;
				GCC_OPTIMIZATION_LEVEL = 0;
				GCC_PREPROCESSOR_DEFINITIONS = (
					"DEBUG=1",
					"$(inherited)",
				);
				GCC_WARN_64_TO_32_BIT_CONVERSION = YES;
				GCC_WARN_ABOUT_RETURN_TYPE = YES_ERROR;
				GCC_WARN_UNDECLARED_SELECTOR = YES;
				GCC_WARN_UNINITIALIZED_AUTOS = YES_AGGRESSIVE;
				GCC_WARN_UNUSED_FUNCTION = YES;
				GCC_WARN_UNUSED_VARIABLE = YES;
				MACOSX_DEPLOYMENT_TARGET = 10.11;
				MTL_ENABLE_DEBUG_INFO = YES;
				ONLY_ACTIVE_ARCH = YES;
				SDKROOT = macosx;
			};
			name = Debug;
		};
		178C4DA81CA4345200D5A4B3 /* Release */ = {
			isa = XCBuildConfiguration;
			buildSettings = {
				ALWAYS_SEARCH_USER_PATHS = NO;
				CLANG_CXX_LANGUAGE_STANDARD = "gnu++0x";
				CLANG_CXX_LIBRARY = "libc++";
				CLANG_ENABLE_MODULES = YES;
				CLANG_ENABLE_OBJC_ARC = YES;
				CLANG_WARN_BOOL_CONVERSION = YES;
				CLANG_WARN_CONSTANT_CONVERSION = YES;
				CLANG_WARN_DIRECT_OBJC_ISA_USAGE = YES_ERROR;
				CLANG_WARN_EMPTY_BODY = YES;
				CLANG_WARN_ENUM_CONVERSION = YES;
				CLANG_WARN_INT_CONVERSION = YES;
				CLANG_WARN_OBJC_ROOT_CLASS = YES_ERROR;
				CLANG_WARN_UNREACHABLE_CODE = YES;
				CLANG_WARN__DUPLICATE_METHOD_MATCH = YES;
				CODE_SIGN_IDENTITY = "-";
				COPY_PHASE_STRIP = NO;
				DEBUG_INFORMATION_FORMAT = "dwarf-with-dsym";
				ENABLE_NS_ASSERTIONS = NO;
				ENABLE_STRICT_OBJC_MSGSEND = YES;
				GCC_C_LANGUAGE_STANDARD = gnu99;
				GCC_NO_COMMON_BLOCKS = YES;
				GCC_WARN_64_TO_32_BIT_CONVERSION = YES;
				GCC_WARN_ABOUT_RETURN_TYPE = YES_ERROR;
				GCC_WARN_UNDECLARED_SELECTOR = YES;
				GCC_WARN_UNINITIALIZED_AUTOS = YES_AGGRESSIVE;
				GCC_WARN_UNUSED_FUNCTION = YES;
				GCC_WARN_UNUSED_VARIABLE = YES;
				MACOSX_DEPLOYMENT_TARGET = 10.11;
				MTL_ENABLE_DEBUG_INFO = NO;
				SDKROOT = macosx;
			};
			name = Release;
		};
		178C4DAA1CA4345200D5A4B3 /* Debug */ = {
			isa = XCBuildConfiguration;
			buildSettings = {
				PRODUCT_NAME = "$(TARGET_NAME)";
			};
			name = Debug;
		};
		178C4DAB1CA4345200D5A4B3 /* Release */ = {
			isa = XCBuildConfiguration;
			buildSettings = {
				PRODUCT_NAME = "$(TARGET_NAME)";
			};
			name = Release;
		};
/* End XCBuildConfiguration section */

/* Begin XCConfigurationList section */
		178C4D9D1CA4345200D5A4B3 /* Build configuration list for PBXProject "HPC q4" */ = {
			isa = XCConfigurationList;
			buildConfigurations = (
				178C4DA71CA4345200D5A4B3 /* Debug */,
				178C4DA81CA4345200D5A4B3 /* Release */,
			);
			defaultConfigurationIsVisible = 0;
			defaultConfigurationName = Release;
		};
		178C4DA91CA4345200D5A4B3 /* Build configuration list for PBXNativeTarget "HPC q4" */ = {
			isa = XCConfigurationList;
			buildConfigurations = (
				178C4DAA1CA4345200D5A4B3 /* Debug */,
				178C4DAB1CA4345200D5A4B3 /* Release */,
			);
			defaultConfigurationIsVisible = 0;
		};
/* End XCConfigurationList section */
	};
	rootObject = 178C4D9A1CA4345200D5A4B3 /* Project object */;
}
